
Microsoft Visual Studio Solution File, Format Version 12.00
# Visual Studio Version 16
VisualStudioVersion = 16.0.30011.22
MinimumVisualStudioVersion = 10.0.40219.1
Project("{FAE04EC0-301F-11D3-BF4B-00C04F79EFBC}") = "NetLoader", "NetLoader\NetLoader.csproj", "{885DAA56-7ECE-4B0E-961C-59430831F529}"
EndProject
Global
	GlobalSection(SolutionConfigurationPlatforms) = preSolution
		Debug|Any CPU = Debug|Any CPU
		Release|Any CPU = Release|Any CPU
	EndGlobalSection
	GlobalSection(ProjectConfigurationPlatforms) = postSolution
		{885DAA56-7ECE-4B0E-961C-59430831F529}.Debug|Any CPU.ActiveCfg = Debug|Any CPU
		{885DAA56-7ECE-4B0E-961C-59430831F529}.Debug|Any CPU.Build.0 = Debug|Any CPU
		{885DAA56-7ECE-4B0E-961C-59430831F529}.Release|Any CPU.ActiveCfg = Release|Any CPU
		{885DAA56-7ECE-4B0E-961C-59430831F529}.Release|Any CPU.Build.0 = Release|Any CPU
	EndGlobalSection
	GlobalSection(SolutionProperties) = preSolution
		HideSolutionNode = FALSE
	EndGlobalSection
	GlobalSection(ExtensibilityGlobals) = postSolution
		SolutionGuid = {F5B8F952-3A99-431D-B9AF-2F602DEC86DB}
	EndGlobalSection
EndGlobal
